
Microsoft Visual Studio Solution File, Format Version 12.00
# Visual Studio 14
VisualStudioVersion = 14.0.25420.1
MinimumVisualStudioVersion = 10.0.40219.1
Project("{FAE04EC0-301F-11D3-BF4B-00C04F79EFBC}") = "Centuries to Minutes", "Centuries to Minutes\Centuries to Minutes.csproj", "{C5355C77-78E7-464A-8C4A-80491CBA5E78}"
EndProject
Project("{FAE04EC0-301F-11D3-BF4B-00C04F79EFBC}") = "Circle Area", "Circle Area\Circle Area.csproj", "{D047CB7C-56F1-4B66-90AA-76BB26296AC7}"
EndProject
Project("{FAE04EC0-301F-11D3-BF4B-00C04F79EFBC}") = "Exact Sum of Real Numbers", "Exact Sum of Real Numbers\Exact Sum of Real Numbers.csproj", "{E9B2EF86-9721-488F-BD5E-10CCEE838D29}"
EndProject
Project("{FAE04EC0-301F-11D3-BF4B-00C04F79EFBC}") = "Elevator", "Elevator\Elevator.csproj", "{0FBF6293-7EEB-4FB3-BFC1-0D98E22FE88D}"
EndProject
Project("{FAE04EC0-301F-11D3-BF4B-00C04F79EFBC}") = "Special Numbers", "Special Numbers\Special Numbers.csproj", "{992C517B-EEB9-43CB-8030-D24347CC9A91}"
EndProject
Project("{FAE04EC0-301F-11D3-BF4B-00C04F79EFBC}") = "Triples of Letters", "Triples of Letters\Triples of Letters.csproj", "{AFC0B6EE-280E-401D-90FE-F72C95ED924B}"
EndProject
Project("{FAE04EC0-301F-11D3-BF4B-00C04F79EFBC}") = "Greeting", "Greeting\Greeting.csproj", "{961F3703-58B0-42FE-B982-A00556281ED8}"
EndProject
Project("{2150E333-8FDC-42A3-9474-1A3956D46DE8}") = "Data Types LAB", "Data Types LAB", "{F831A020-DC71-4F22-AC63-37054B69611E}"
EndProject
Project("{FAE04EC0-301F-11D3-BF4B-00C04F79EFBC}") = "Refactor Volume of Pyramid", "Refactor Volume of Pyramid\Refactor Volume of Pyramid.csproj", "{E90B8D6A-1BB7-4165-A055-C8E6E5E1C2C5}"
EndProject
Project("{FAE04EC0-301F-11D3-BF4B-00C04F79EFBC}") = "Refactor Special Numbers", "Refactor Special Numbers\Refactor Special Numbers.csproj", "{CF06FC36-30E8-45F2-9879-201EC75B0EC9}"
EndProject
Project("{2150E333-8FDC-42A3-9474-1A3956D46DE8}") = "Data Types HOMEWORK", "Data Types HOMEWORK", "{CF7B4BA9-F09D-4277-B22B-978DB5D5B6E8}"
EndProject
Project("{FAE04EC0-301F-11D3-BF4B-00C04F79EFBC}") = "Practice Integer Numbers", "Practice Integer Numbers\Practice Integer Numbers.csproj", "{EC619C47-82B8-45C0-A235-7503BB18A630}"
EndProject
Project("{FAE04EC0-301F-11D3-BF4B-00C04F79EFBC}") = "Practice Floating Points", "Practice Floating Points\Practice Floating Points.csproj", "{49ED59DF-C007-4108-80DE-F681F01D3FD5}"
EndProject
Project("{FAE04EC0-301F-11D3-BF4B-00C04F79EFBC}") = "Practice Chars And Strings", "Practice Chars And Strings\Practice Chars And Strings.csproj", "{1DFCCF5C-1D63-4AC7-B6DF-649CE82FB2E3}"
EndProject
Project("{FAE04EC0-301F-11D3-BF4B-00C04F79EFBC}") = "Variable in Hex Format", "Variable in Hex Format\Variable in Hex Format.csproj", "{F76FC3B4-215E-4D75-9263-A091A4733FAD}"
EndProject
Project("{FAE04EC0-301F-11D3-BF4B-00C04F79EFBC}") = "Boolean Variable", "Boolean Variable\Boolean Variable.csproj", "{AB85BF1E-A495-4040-8F7F-FE1A3EF4B967}"
EndProject
Project("{FAE04EC0-301F-11D3-BF4B-00C04F79EFBC}") = "Strings And Objects", "Strings And Objects\Strings And Objects.csproj", "{2BAC7049-3C6B-4E7F-9E51-FA021DD396C5}"
EndProject
Project("{FAE04EC0-301F-11D3-BF4B-00C04F79EFBC}") = "Exchange Variable Values", "Exchange Variable Values\Exchange Variable Values.csproj", "{045396AD-90A9-43B1-B75E-5B72F0E1E1BB}"
EndProject
Project("{FAE04EC0-301F-11D3-BF4B-00C04F79EFBC}") = "Employee Data", "Employee Data\Employee Data.csproj", "{56CE68CC-32BC-409F-9B70-F07D3B252555}"
EndProject
Project("{FAE04EC0-301F-11D3-BF4B-00C04F79EFBC}") = "Reversed chars", "Reversed chars\Reversed chars.csproj", "{DC9A49A0-C440-478B-8AA1-E6B4A3C0FDDE}"
EndProject
Project("{FAE04EC0-301F-11D3-BF4B-00C04F79EFBC}") = "Centuries to Nanoseconds", "Centuries to Nanoseconds\Centuries to Nanoseconds.csproj", "{F4C958F2-C41B-4D9F-9C3E-B190E9B5954C}"
EndProject
Project("{FAE04EC0-301F-11D3-BF4B-00C04F79EFBC}") = "Convert Speed Units", "Convert Speed Units\Convert Speed Units.csproj", "{DB85CE2E-2046-499F-8592-EE6DF132724D}"
EndProject
Project("{FAE04EC0-301F-11D3-BF4B-00C04F79EFBC}") = "Rectangle Properties", "Rectangle Properties\Rectangle Properties.csproj", "{85DE92C8-B828-457A-9837-2E73BA4C8CF2}"
EndProject
Project("{FAE04EC0-301F-11D3-BF4B-00C04F79EFBC}") = "Vowel or Digit", "Vowel or Digit\Vowel or Digit.csproj", "{5AA3EC48-6954-49E6-9370-1DA69A23E022}"
EndProject
Project("{FAE04EC0-301F-11D3-BF4B-00C04F79EFBC}") = "Integer to Hex and Binary", "Integer to Hex and Binary\Integer to Hex and Binary.csproj", "{E19108CC-D883-4842-A405-579029144D37}"
EndProject
Project("{FAE04EC0-301F-11D3-BF4B-00C04F79EFBC}") = "Fast Prime Checker", "Fast Prime Checker\Fast Prime Checker.csproj", "{DE610979-41AB-48CE-AB2E-101892741F07}"
EndProject
Project("{FAE04EC0-301F-11D3-BF4B-00C04F79EFBC}") = "Comparing floats", "Comparing floats\Comparing floats.csproj", "{CE03F236-37EC-44CE-86F2-8531166FB0B7}"
EndProject
Project("{FAE04EC0-301F-11D3-BF4B-00C04F79EFBC}") = "Print Part Of ASCII Table", "Print Part Of ASCII Table\Print Part Of ASCII Table.csproj", "{17FE459A-28FF-4326-8C2F-91D1679F307A}"
EndProject
Project("{FAE04EC0-301F-11D3-BF4B-00C04F79EFBC}") = "Different Integers Size", "Different Integers Size\Different Integers Size.csproj", "{F2DB57EF-637C-4C57-AFBC-5EDED463F9C7}"
EndProject
Project("{FAE04EC0-301F-11D3-BF4B-00C04F79EFBC}") = "Thea The Photographer", "Thea The Photographer\Thea The Photographer.csproj", "{6AFF06CC-152F-474F-A7AC-357B1CE67B30}"
EndProject
Project("{2150E333-8FDC-42A3-9474-1A3956D46DE8}") = "Methods LAB", "Methods LAB", "{9BBC7323-4DBA-4749-9713-2E217E0B3C56}"
EndProject
Project("{FAE04EC0-301F-11D3-BF4B-00C04F79EFBC}") = "Blank Receipt", "Blank Receipt\Blank Receipt.csproj", "{E226974B-AFC2-49A6-BB18-19C0E26544EA}"
EndProject
Project("{FAE04EC0-301F-11D3-BF4B-00C04F79EFBC}") = "Sign of Integer Number", "Sign of Integer Number\Sign of Integer Number.csproj", "{7EA178BA-493E-4776-B323-8D5F112D361B}"
EndProject
Project("{FAE04EC0-301F-11D3-BF4B-00C04F79EFBC}") = "Printing Triangle", "Printing Triangle\Printing Triangle.csproj", "{2B9DF09D-264C-4D42-82DC-5FDE7EDE1452}"
EndProject
Project("{FAE04EC0-301F-11D3-BF4B-00C04F79EFBC}") = "Draw a Filled Square", "Draw a Filled Square\Draw a Filled Square.csproj", "{64415989-A4B4-43BD-82C4-F161F7B5475E}"
EndProject
Project("{FAE04EC0-301F-11D3-BF4B-00C04F79EFBC}") = "Calculate Triangle Area", "Calculate Triangle Area\Calculate Triangle Area.csproj", "{236A42B7-9745-49FF-B073-75A83F1A76FD}"
EndProject
Project("{FAE04EC0-301F-11D3-BF4B-00C04F79EFBC}") = "Math Power", "Math Power\Math Power.csproj", "{42498D33-0C61-45B0-A47E-4488EA8DBFD6}"
EndProject
Project("{FAE04EC0-301F-11D3-BF4B-00C04F79EFBC}") = "Greater of Two Values", "Greater of Two Values\Greater of Two Values.csproj", "{63E90C17-8780-42C7-80D7-054F66C4F64D}"
EndProject
Project("{FAE04EC0-301F-11D3-BF4B-00C04F79EFBC}") = "Multiply Evens by Odds", "Multiply Evens by Odds\Multiply Evens by Odds.csproj", "{1692D94F-4621-4919-A1D5-2211635BF2C8}"
EndProject
Project("{FAE04EC0-301F-11D3-BF4B-00C04F79EFBC}") = "Holidays Between Two Dates", "Holidays Between Two Dates\Holidays Between Two Dates.csproj", "{39003DD0-979E-4E91-9F0A-CCF4DEEB7D10}"
EndProject
Project("{FAE04EC0-301F-11D3-BF4B-00C04F79EFBC}") = "Price Change Alert", "Price Change Alert\Price Change Alert.csproj", "{0330568D-9148-41FD-8B3D-A73AB485C6E8}"
EndProject
Project("{2150E333-8FDC-42A3-9474-1A3956D46DE8}") = "Methods HOMEWORK", "Methods HOMEWORK", "{1BB00661-7F26-4E3A-BF36-332AA7A397F7}"
EndProject
Project("{FAE04EC0-301F-11D3-BF4B-00C04F79EFBC}") = "Hello, Name!", "Hello, Name!\Hello, Name!.csproj", "{74EFEF17-E5B4-4A8E-BC70-DFC986C11F36}"
EndProject
Project("{FAE04EC0-301F-11D3-BF4B-00C04F79EFBC}") = "Max Method", "Max Method\Max Method.csproj", "{82779D91-BA63-4AE3-989C-1F6804A05E6F}"
EndProject
Project("{FAE04EC0-301F-11D3-BF4B-00C04F79EFBC}") = "English Name of Last Digit", "English Name of Last Digit\English Name of Last Digit.csproj", "{2DAEB6D9-BCC8-4738-9A6F-F9E3C3335F32}"
EndProject
Project("{FAE04EC0-301F-11D3-BF4B-00C04F79EFBC}") = "Numbers in Reversed Order", "Numbers in Reversed Order\Numbers in Reversed Order.csproj", "{A0F764A4-90C7-42F3-8600-554CF6E6A6EA}"
EndProject
Project("{FAE04EC0-301F-11D3-BF4B-00C04F79EFBC}") = "Fibonacci Numbers", "Fibonacci Numbers\Fibonacci Numbers.csproj", "{BB596D6B-114C-43C7-AD44-24331FE6AFBF}"
EndProject
Project("{FAE04EC0-301F-11D3-BF4B-00C04F79EFBC}") = "Prime Checker", "Prime Checker\Prime Checker.csproj", "{6CBD7708-AF4D-47AF-8E00-D380CE953850}"
EndProject
Global
	GlobalSection(SolutionConfigurationPlatforms) = preSolution
		Debug|Any CPU = Debug|Any CPU
		Release|Any CPU = Release|Any CPU
	EndGlobalSection
	GlobalSection(ProjectConfigurationPlatforms) = postSolution
		{C5355C77-78E7-464A-8C4A-80491CBA5E78}.Debug|Any CPU.ActiveCfg = Debug|Any CPU
		{C5355C77-78E7-464A-8C4A-80491CBA5E78}.Debug|Any CPU.Build.0 = Debug|Any CPU
		{C5355C77-78E7-464A-8C4A-80491CBA5E78}.Release|Any CPU.ActiveCfg = Release|Any CPU
		{C5355C77-78E7-464A-8C4A-80491CBA5E78}.Release|Any CPU.Build.0 = Release|Any CPU
		{D047CB7C-56F1-4B66-90AA-76BB26296AC7}.Debug|Any CPU.ActiveCfg = Debug|Any CPU
		{D047CB7C-56F1-4B66-90AA-76BB26296AC7}.Debug|Any CPU.Build.0 = Debug|Any CPU
		{D047CB7C-56F1-4B66-90AA-76BB26296AC7}.Release|Any CPU.ActiveCfg = Release|Any CPU
		{D047CB7C-56F1-4B66-90AA-76BB26296AC7}.Release|Any CPU.Build.0 = Release|Any CPU
		{E9B2EF86-9721-488F-BD5E-10CCEE838D29}.Debug|Any CPU.ActiveCfg = Debug|Any CPU
		{E9B2EF86-9721-488F-BD5E-10CCEE838D29}.Debug|Any CPU.Build.0 = Debug|Any CPU
		{E9B2EF86-9721-488F-BD5E-10CCEE838D29}.Release|Any CPU.ActiveCfg = Release|Any CPU
		{E9B2EF86-9721-488F-BD5E-10CCEE838D29}.Release|Any CPU.Build.0 = Release|Any CPU
		{0FBF6293-7EEB-4FB3-BFC1-0D98E22FE88D}.Debug|Any CPU.ActiveCfg = Debug|Any CPU
		{0FBF6293-7EEB-4FB3-BFC1-0D98E22FE88D}.Debug|Any CPU.Build.0 = Debug|Any CPU
		{0FBF6293-7EEB-4FB3-BFC1-0D98E22FE88D}.Release|Any CPU.ActiveCfg = Release|Any CPU
		{0FBF6293-7EEB-4FB3-BFC1-0D98E22FE88D}.Release|Any CPU.Build.0 = Release|Any CPU
		{992C517B-EEB9-43CB-8030-D24347CC9A91}.Debug|Any CPU.ActiveCfg = Debug|Any CPU
		{992C517B-EEB9-43CB-8030-D24347CC9A91}.Debug|Any CPU.Build.0 = Debug|Any CPU
		{992C517B-EEB9-43CB-8030-D24347CC9A91}.Release|Any CPU.ActiveCfg = Release|Any CPU
		{992C517B-EEB9-43CB-8030-D24347CC9A91}.Release|Any CPU.Build.0 = Release|Any CPU
		{AFC0B6EE-280E-401D-90FE-F72C95ED924B}.Debug|Any CPU.ActiveCfg = Debug|Any CPU
		{AFC0B6EE-280E-401D-90FE-F72C95ED924B}.Debug|Any CPU.Build.0 = Debug|Any CPU
		{AFC0B6EE-280E-401D-90FE-F72C95ED924B}.Release|Any CPU.ActiveCfg = Release|Any CPU
		{AFC0B6EE-280E-401D-90FE-F72C95ED924B}.Release|Any CPU.Build.0 = Release|Any CPU
		{961F3703-58B0-42FE-B982-A00556281ED8}.Debug|Any CPU.ActiveCfg = Debug|Any CPU
		{961F3703-58B0-42FE-B982-A00556281ED8}.Debug|Any CPU.Build.0 = Debug|Any CPU
		{961F3703-58B0-42FE-B982-A00556281ED8}.Release|Any CPU.ActiveCfg = Release|Any CPU
		{961F3703-58B0-42FE-B982-A00556281ED8}.Release|Any CPU.Build.0 = Release|Any CPU
		{E90B8D6A-1BB7-4165-A055-C8E6E5E1C2C5}.Debug|Any CPU.ActiveCfg = Debug|Any CPU
		{E90B8D6A-1BB7-4165-A055-C8E6E5E1C2C5}.Debug|Any CPU.Build.0 = Debug|Any CPU
		{E90B8D6A-1BB7-4165-A055-C8E6E5E1C2C5}.Release|Any CPU.ActiveCfg = Release|Any CPU
		{E90B8D6A-1BB7-4165-A055-C8E6E5E1C2C5}.Release|Any CPU.Build.0 = Release|Any CPU
		{CF06FC36-30E8-45F2-9879-201EC75B0EC9}.Debug|Any CPU.ActiveCfg = Debug|Any CPU
		{CF06FC36-30E8-45F2-9879-201EC75B0EC9}.Debug|Any CPU.Build.0 = Debug|Any CPU
		{CF06FC36-30E8-45F2-9879-201EC75B0EC9}.Release|Any CPU.ActiveCfg = Release|Any CPU
		{CF06FC36-30E8-45F2-9879-201EC75B0EC9}.Release|Any CPU.Build.0 = Release|Any CPU
		{EC619C47-82B8-45C0-A235-7503BB18A630}.Debug|Any CPU.ActiveCfg = Debug|Any CPU
		{EC619C47-82B8-45C0-A235-7503BB18A630}.Debug|Any CPU.Build.0 = Debug|Any CPU
		{EC619C47-82B8-45C0-A235-7503BB18A630}.Release|Any CPU.ActiveCfg = Release|Any CPU
		{EC619C47-82B8-45C0-A235-7503BB18A630}.Release|Any CPU.Build.0 = Release|Any CPU
		{49ED59DF-C007-4108-80DE-F681F01D3FD5}.Debug|Any CPU.ActiveCfg = Debug|Any CPU
		{49ED59DF-C007-4108-80DE-F681F01D3FD5}.Debug|Any CPU.Build.0 = Debug|Any CPU
		{49ED59DF-C007-4108-80DE-F681F01D3FD5}.Release|Any CPU.ActiveCfg = Release|Any CPU
		{49ED59DF-C007-4108-80DE-F681F01D3FD5}.Release|Any CPU.Build.0 = Release|Any CPU
		{1DFCCF5C-1D63-4AC7-B6DF-649CE82FB2E3}.Debug|Any CPU.ActiveCfg = Debug|Any CPU
		{1DFCCF5C-1D63-4AC7-B6DF-649CE82FB2E3}.Debug|Any CPU.Build.0 = Debug|Any CPU
		{1DFCCF5C-1D63-4AC7-B6DF-649CE82FB2E3}.Release|Any CPU.ActiveCfg = Release|Any CPU
		{1DFCCF5C-1D63-4AC7-B6DF-649CE82FB2E3}.Release|Any CPU.Build.0 = Release|Any CPU
		{F76FC3B4-215E-4D75-9263-A091A4733FAD}.Debug|Any CPU.ActiveCfg = Debug|Any CPU
		{F76FC3B4-215E-4D75-9263-A091A4733FAD}.Debug|Any CPU.Build.0 = Debug|Any CPU
		{F76FC3B4-215E-4D75-9263-A091A4733FAD}.Release|Any CPU.ActiveCfg = Release|Any CPU
		{F76FC3B4-215E-4D75-9263-A091A4733FAD}.Release|Any CPU.Build.0 = Release|Any CPU
		{AB85BF1E-A495-4040-8F7F-FE1A3EF4B967}.Debug|Any CPU.ActiveCfg = Debug|Any CPU
		{AB85BF1E-A495-4040-8F7F-FE1A3EF4B967}.Debug|Any CPU.Build.0 = Debug|Any CPU
		{AB85BF1E-A495-4040-8F7F-FE1A3EF4B967}.Release|Any CPU.ActiveCfg = Release|Any CPU
		{AB85BF1E-A495-4040-8F7F-FE1A3EF4B967}.Release|Any CPU.Build.0 = Release|Any CPU
		{2BAC7049-3C6B-4E7F-9E51-FA021DD396C5}.Debug|Any CPU.ActiveCfg = Debug|Any CPU
		{2BAC7049-3C6B-4E7F-9E51-FA021DD396C5}.Debug|Any CPU.Build.0 = Debug|Any CPU
		{2BAC7049-3C6B-4E7F-9E51-FA021DD396C5}.Release|Any CPU.ActiveCfg = Release|Any CPU
		{2BAC7049-3C6B-4E7F-9E51-FA021DD396C5}.Release|Any CPU.Build.0 = Release|Any CPU
		{045396AD-90A9-43B1-B75E-5B72F0E1E1BB}.Debug|Any CPU.ActiveCfg = Debug|Any CPU
		{045396AD-90A9-43B1-B75E-5B72F0E1E1BB}.Debug|Any CPU.Build.0 = Debug|Any CPU
		{045396AD-90A9-43B1-B75E-5B72F0E1E1BB}.Release|Any CPU.ActiveCfg = Release|Any CPU
		{045396AD-90A9-43B1-B75E-5B72F0E1E1BB}.Release|Any CPU.Build.0 = Release|Any CPU
		{56CE68CC-32BC-409F-9B70-F07D3B252555}.Debug|Any CPU.ActiveCfg = Debug|Any CPU
		{56CE68CC-32BC-409F-9B70-F07D3B252555}.Debug|Any CPU.Build.0 = Debug|Any CPU
		{56CE68CC-32BC-409F-9B70-F07D3B252555}.Release|Any CPU.ActiveCfg = Release|Any CPU
		{56CE68CC-32BC-409F-9B70-F07D3B252555}.Release|Any CPU.Build.0 = Release|Any CPU
		{DC9A49A0-C440-478B-8AA1-E6B4A3C0FDDE}.Debug|Any CPU.ActiveCfg = Debug|Any CPU
		{DC9A49A0-C440-478B-8AA1-E6B4A3C0FDDE}.Debug|Any CPU.Build.0 = Debug|Any CPU
		{DC9A49A0-C440-478B-8AA1-E6B4A3C0FDDE}.Release|Any CPU.ActiveCfg = Release|Any CPU
		{DC9A49A0-C440-478B-8AA1-E6B4A3C0FDDE}.Release|Any CPU.Build.0 = Release|Any CPU
		{F4C958F2-C41B-4D9F-9C3E-B190E9B5954C}.Debug|Any CPU.ActiveCfg = Debug|Any CPU
		{F4C958F2-C41B-4D9F-9C3E-B190E9B5954C}.Debug|Any CPU.Build.0 = Debug|Any CPU
		{F4C958F2-C41B-4D9F-9C3E-B190E9B5954C}.Release|Any CPU.ActiveCfg = Release|Any CPU
		{F4C958F2-C41B-4D9F-9C3E-B190E9B5954C}.Release|Any CPU.Build.0 = Release|Any CPU
		{DB85CE2E-2046-499F-8592-EE6DF132724D}.Debug|Any CPU.ActiveCfg = Debug|Any CPU
		{DB85CE2E-2046-499F-8592-EE6DF132724D}.Debug|Any CPU.Build.0 = Debug|Any CPU
		{DB85CE2E-2046-499F-8592-EE6DF132724D}.Release|Any CPU.ActiveCfg = Release|Any CPU
		{DB85CE2E-2046-499F-8592-EE6DF132724D}.Release|Any CPU.Build.0 = Release|Any CPU
		{85DE92C8-B828-457A-9837-2E73BA4C8CF2}.Debug|Any CPU.ActiveCfg = Debug|Any CPU
		{85DE92C8-B828-457A-9837-2E73BA4C8CF2}.Debug|Any CPU.Build.0 = Debug|Any CPU
		{85DE92C8-B828-457A-9837-2E73BA4C8CF2}.Release|Any CPU.ActiveCfg = Release|Any CPU
		{85DE92C8-B828-457A-9837-2E73BA4C8CF2}.Release|Any CPU.Build.0 = Release|Any CPU
		{5AA3EC48-6954-49E6-9370-1DA69A23E022}.Debug|Any CPU.ActiveCfg = Debug|Any CPU
		{5AA3EC48-6954-49E6-9370-1DA69A23E022}.Debug|Any CPU.Build.0 = Debug|Any CPU
		{5AA3EC48-6954-49E6-9370-1DA69A23E022}.Release|Any CPU.ActiveCfg = Release|Any CPU
		{5AA3EC48-6954-49E6-9370-1DA69A23E022}.Release|Any CPU.Build.0 = Release|Any CPU
		{E19108CC-D883-4842-A405-579029144D37}.Debug|Any CPU.ActiveCfg = Debug|Any CPU
		{E19108CC-D883-4842-A405-579029144D37}.Debug|Any CPU.Build.0 = Debug|Any CPU
		{E19108CC-D883-4842-A405-579029144D37}.Release|Any CPU.ActiveCfg = Release|Any CPU
		{E19108CC-D883-4842-A405-579029144D37}.Release|Any CPU.Build.0 = Release|Any CPU
		{DE610979-41AB-48CE-AB2E-101892741F07}.Debug|Any CPU.ActiveCfg = Debug|Any CPU
		{DE610979-41AB-48CE-AB2E-101892741F07}.Debug|Any CPU.Build.0 = Debug|Any CPU
		{DE610979-41AB-48CE-AB2E-101892741F07}.Release|Any CPU.ActiveCfg = Release|Any CPU
		{DE610979-41AB-48CE-AB2E-101892741F07}.Release|Any CPU.Build.0 = Release|Any CPU
		{CE03F236-37EC-44CE-86F2-8531166FB0B7}.Debug|Any CPU.ActiveCfg = Debug|Any CPU
		{CE03F236-37EC-44CE-86F2-8531166FB0B7}.Debug|Any CPU.Build.0 = Debug|Any CPU
		{CE03F236-37EC-44CE-86F2-8531166FB0B7}.Release|Any CPU.ActiveCfg = Release|Any CPU
		{CE03F236-37EC-44CE-86F2-8531166FB0B7}.Release|Any CPU.Build.0 = Release|Any CPU
		{17FE459A-28FF-4326-8C2F-91D1679F307A}.Debug|Any CPU.ActiveCfg = Debug|Any CPU
		{17FE459A-28FF-4326-8C2F-91D1679F307A}.Debug|Any CPU.Build.0 = Debug|Any CPU
		{17FE459A-28FF-4326-8C2F-91D1679F307A}.Release|Any CPU.ActiveCfg = Release|Any CPU
		{17FE459A-28FF-4326-8C2F-91D1679F307A}.Release|Any CPU.Build.0 = Release|Any CPU
		{F2DB57EF-637C-4C57-AFBC-5EDED463F9C7}.Debug|Any CPU.ActiveCfg = Debug|Any CPU
		{F2DB57EF-637C-4C57-AFBC-5EDED463F9C7}.Debug|Any CPU.Build.0 = Debug|Any CPU
		{F2DB57EF-637C-4C57-AFBC-5EDED463F9C7}.Release|Any CPU.ActiveCfg = Release|Any CPU
		{F2DB57EF-637C-4C57-AFBC-5EDED463F9C7}.Release|Any CPU.Build.0 = Release|Any CPU
		{6AFF06CC-152F-474F-A7AC-357B1CE67B30}.Debug|Any CPU.ActiveCfg = Debug|Any CPU
		{6AFF06CC-152F-474F-A7AC-357B1CE67B30}.Debug|Any CPU.Build.0 = Debug|Any CPU
		{6AFF06CC-152F-474F-A7AC-357B1CE67B30}.Release|Any CPU.ActiveCfg = Release|Any CPU
		{6AFF06CC-152F-474F-A7AC-357B1CE67B30}.Release|Any CPU.Build.0 = Release|Any CPU
		{E226974B-AFC2-49A6-BB18-19C0E26544EA}.Debug|Any CPU.ActiveCfg = Debug|Any CPU
		{E226974B-AFC2-49A6-BB18-19C0E26544EA}.Debug|Any CPU.Build.0 = Debug|Any CPU
		{E226974B-AFC2-49A6-BB18-19C0E26544EA}.Release|Any CPU.ActiveCfg = Release|Any CPU
		{E226974B-AFC2-49A6-BB18-19C0E26544EA}.Release|Any CPU.Build.0 = Release|Any CPU
		{7EA178BA-493E-4776-B323-8D5F112D361B}.Debug|Any CPU.ActiveCfg = Debug|Any CPU
		{7EA178BA-493E-4776-B323-8D5F112D361B}.Debug|Any CPU.Build.0 = Debug|Any CPU
		{7EA178BA-493E-4776-B323-8D5F112D361B}.Release|Any CPU.ActiveCfg = Release|Any CPU
		{7EA178BA-493E-4776-B323-8D5F112D361B}.Release|Any CPU.Build.0 = Release|Any CPU
		{2B9DF09D-264C-4D42-82DC-5FDE7EDE1452}.Debug|Any CPU.ActiveCfg = Debug|Any CPU
		{2B9DF09D-264C-4D42-82DC-5FDE7EDE1452}.Debug|Any CPU.Build.0 = Debug|Any CPU
		{2B9DF09D-264C-4D42-82DC-5FDE7EDE1452}.Release|Any CPU.ActiveCfg = Release|Any CPU
		{2B9DF09D-264C-4D42-82DC-5FDE7EDE1452}.Release|Any CPU.Build.0 = Release|Any CPU
		{64415989-A4B4-43BD-82C4-F161F7B5475E}.Debug|Any CPU.ActiveCfg = Debug|Any CPU
		{64415989-A4B4-43BD-82C4-F161F7B5475E}.Debug|Any CPU.Build.0 = Debug|Any CPU
		{64415989-A4B4-43BD-82C4-F161F7B5475E}.Release|Any CPU.ActiveCfg = Release|Any CPU
		{64415989-A4B4-43BD-82C4-F161F7B5475E}.Release|Any CPU.Build.0 = Release|Any CPU
		{236A42B7-9745-49FF-B073-75A83F1A76FD}.Debug|Any CPU.ActiveCfg = Debug|Any CPU
		{236A42B7-9745-49FF-B073-75A83F1A76FD}.Debug|Any CPU.Build.0 = Debug|Any CPU
		{236A42B7-9745-49FF-B073-75A83F1A76FD}.Release|Any CPU.ActiveCfg = Release|Any CPU
		{236A42B7-9745-49FF-B073-75A83F1A76FD}.Release|Any CPU.Build.0 = Release|Any CPU
		{42498D33-0C61-45B0-A47E-4488EA8DBFD6}.Debug|Any CPU.ActiveCfg = Debug|Any CPU
		{42498D33-0C61-45B0-A47E-4488EA8DBFD6}.Debug|Any CPU.Build.0 = Debug|Any CPU
		{42498D33-0C61-45B0-A47E-4488EA8DBFD6}.Release|Any CPU.ActiveCfg = Release|Any CPU
		{42498D33-0C61-45B0-A47E-4488EA8DBFD6}.Release|Any CPU.Build.0 = Release|Any CPU
		{63E90C17-8780-42C7-80D7-054F66C4F64D}.Debug|Any CPU.ActiveCfg = Debug|Any CPU
		{63E90C17-8780-42C7-80D7-054F66C4F64D}.Debug|Any CPU.Build.0 = Debug|Any CPU
		{63E90C17-8780-42C7-80D7-054F66C4F64D}.Release|Any CPU.ActiveCfg = Release|Any CPU
		{63E90C17-8780-42C7-80D7-054F66C4F64D}.Release|Any CPU.Build.0 = Release|Any CPU
		{1692D94F-4621-4919-A1D5-2211635BF2C8}.Debug|Any CPU.ActiveCfg = Debug|Any CPU
		{1692D94F-4621-4919-A1D5-2211635BF2C8}.Debug|Any CPU.Build.0 = Debug|Any CPU
		{1692D94F-4621-4919-A1D5-2211635BF2C8}.Release|Any CPU.ActiveCfg = Release|Any CPU
		{1692D94F-4621-4919-A1D5-2211635BF2C8}.Release|Any CPU.Build.0 = Release|Any CPU
		{39003DD0-979E-4E91-9F0A-CCF4DEEB7D10}.Debug|Any CPU.ActiveCfg = Debug|Any CPU
		{39003DD0-979E-4E91-9F0A-CCF4DEEB7D10}.Debug|Any CPU.Build.0 = Debug|Any CPU
		{39003DD0-979E-4E91-9F0A-CCF4DEEB7D10}.Release|Any CPU.ActiveCfg = Release|Any CPU
		{39003DD0-979E-4E91-9F0A-CCF4DEEB7D10}.Release|Any CPU.Build.0 = Release|Any CPU
		{0330568D-9148-41FD-8B3D-A73AB485C6E8}.Debug|Any CPU.ActiveCfg = Debug|Any CPU
		{0330568D-9148-41FD-8B3D-A73AB485C6E8}.Debug|Any CPU.Build.0 = Debug|Any CPU
		{0330568D-9148-41FD-8B3D-A73AB485C6E8}.Release|Any CPU.ActiveCfg = Release|Any CPU
		{0330568D-9148-41FD-8B3D-A73AB485C6E8}.Release|Any CPU.Build.0 = Release|Any CPU
		{74EFEF17-E5B4-4A8E-BC70-DFC986C11F36}.Debug|Any CPU.ActiveCfg = Debug|Any CPU
		{74EFEF17-E5B4-4A8E-BC70-DFC986C11F36}.Debug|Any CPU.Build.0 = Debug|Any CPU
		{74EFEF17-E5B4-4A8E-BC70-DFC986C11F36}.Release|Any CPU.ActiveCfg = Release|Any CPU
		{74EFEF17-E5B4-4A8E-BC70-DFC986C11F36}.Release|Any CPU.Build.0 = Release|Any CPU
		{82779D91-BA63-4AE3-989C-1F6804A05E6F}.Debug|Any CPU.ActiveCfg = Debug|Any CPU
		{82779D91-BA63-4AE3-989C-1F6804A05E6F}.Debug|Any CPU.Build.0 = Debug|Any CPU
		{82779D91-BA63-4AE3-989C-1F6804A05E6F}.Release|Any CPU.ActiveCfg = Release|Any CPU
		{82779D91-BA63-4AE3-989C-1F6804A05E6F}.Release|Any CPU.Build.0 = Release|Any CPU
		{2DAEB6D9-BCC8-4738-9A6F-F9E3C3335F32}.Debug|Any CPU.ActiveCfg = Debug|Any CPU
		{2DAEB6D9-BCC8-4738-9A6F-F9E3C3335F32}.Debug|Any CPU.Build.0 = Debug|Any CPU
		{2DAEB6D9-BCC8-4738-9A6F-F9E3C3335F32}.Release|Any CPU.ActiveCfg = Release|Any CPU
		{2DAEB6D9-BCC8-4738-9A6F-F9E3C3335F32}.Release|Any CPU.Build.0 = Release|Any CPU
		{A0F764A4-90C7-42F3-8600-554CF6E6A6EA}.Debug|Any CPU.ActiveCfg = Debug|Any CPU
		{A0F764A4-90C7-42F3-8600-554CF6E6A6EA}.Debug|Any CPU.Build.0 = Debug|Any CPU
		{A0F764A4-90C7-42F3-8600-554CF6E6A6EA}.Release|Any CPU.ActiveCfg = Release|Any CPU
		{A0F764A4-90C7-42F3-8600-554CF6E6A6EA}.Release|Any CPU.Build.0 = Release|Any CPU
		{BB596D6B-114C-43C7-AD44-24331FE6AFBF}.Debug|Any CPU.ActiveCfg = Debug|Any CPU
		{BB596D6B-114C-43C7-AD44-24331FE6AFBF}.Debug|Any CPU.Build.0 = Debug|Any CPU
		{BB596D6B-114C-43C7-AD44-24331FE6AFBF}.Release|Any CPU.ActiveCfg = Release|Any CPU
		{BB596D6B-114C-43C7-AD44-24331FE6AFBF}.Release|Any CPU.Build.0 = Release|Any CPU
		{6CBD7708-AF4D-47AF-8E00-D380CE953850}.Debug|Any CPU.ActiveCfg = Debug|Any CPU
		{6CBD7708-AF4D-47AF-8E00-D380CE953850}.Debug|Any CPU.Build.0 = Debug|Any CPU
		{6CBD7708-AF4D-47AF-8E00-D380CE953850}.Release|Any CPU.ActiveCfg = Release|Any CPU
		{6CBD7708-AF4D-47AF-8E00-D380CE953850}.Release|Any CPU.Build.0 = Release|Any CPU
	EndGlobalSection
	GlobalSection(SolutionProperties) = preSolution
		HideSolutionNode = FALSE
	EndGlobalSection
	GlobalSection(NestedProjects) = preSolution
		{C5355C77-78E7-464A-8C4A-80491CBA5E78} = {F831A020-DC71-4F22-AC63-37054B69611E}
		{D047CB7C-56F1-4B66-90AA-76BB26296AC7} = {F831A020-DC71-4F22-AC63-37054B69611E}
		{E9B2EF86-9721-488F-BD5E-10CCEE838D29} = {F831A020-DC71-4F22-AC63-37054B69611E}
		{0FBF6293-7EEB-4FB3-BFC1-0D98E22FE88D} = {F831A020-DC71-4F22-AC63-37054B69611E}
		{992C517B-EEB9-43CB-8030-D24347CC9A91} = {F831A020-DC71-4F22-AC63-37054B69611E}
		{AFC0B6EE-280E-401D-90FE-F72C95ED924B} = {F831A020-DC71-4F22-AC63-37054B69611E}
		{961F3703-58B0-42FE-B982-A00556281ED8} = {F831A020-DC71-4F22-AC63-37054B69611E}
		{E90B8D6A-1BB7-4165-A055-C8E6E5E1C2C5} = {F831A020-DC71-4F22-AC63-37054B69611E}
		{CF06FC36-30E8-45F2-9879-201EC75B0EC9} = {F831A020-DC71-4F22-AC63-37054B69611E}
		{EC619C47-82B8-45C0-A235-7503BB18A630} = {CF7B4BA9-F09D-4277-B22B-978DB5D5B6E8}
		{49ED59DF-C007-4108-80DE-F681F01D3FD5} = {CF7B4BA9-F09D-4277-B22B-978DB5D5B6E8}
		{1DFCCF5C-1D63-4AC7-B6DF-649CE82FB2E3} = {CF7B4BA9-F09D-4277-B22B-978DB5D5B6E8}
		{F76FC3B4-215E-4D75-9263-A091A4733FAD} = {CF7B4BA9-F09D-4277-B22B-978DB5D5B6E8}
		{AB85BF1E-A495-4040-8F7F-FE1A3EF4B967} = {CF7B4BA9-F09D-4277-B22B-978DB5D5B6E8}
		{2BAC7049-3C6B-4E7F-9E51-FA021DD396C5} = {CF7B4BA9-F09D-4277-B22B-978DB5D5B6E8}
		{045396AD-90A9-43B1-B75E-5B72F0E1E1BB} = {CF7B4BA9-F09D-4277-B22B-978DB5D5B6E8}
		{56CE68CC-32BC-409F-9B70-F07D3B252555} = {CF7B4BA9-F09D-4277-B22B-978DB5D5B6E8}
		{DC9A49A0-C440-478B-8AA1-E6B4A3C0FDDE} = {CF7B4BA9-F09D-4277-B22B-978DB5D5B6E8}
		{F4C958F2-C41B-4D9F-9C3E-B190E9B5954C} = {CF7B4BA9-F09D-4277-B22B-978DB5D5B6E8}
		{DB85CE2E-2046-499F-8592-EE6DF132724D} = {CF7B4BA9-F09D-4277-B22B-978DB5D5B6E8}
		{85DE92C8-B828-457A-9837-2E73BA4C8CF2} = {CF7B4BA9-F09D-4277-B22B-978DB5D5B6E8}
		{5AA3EC48-6954-49E6-9370-1DA69A23E022} = {CF7B4BA9-F09D-4277-B22B-978DB5D5B6E8}
		{E19108CC-D883-4842-A405-579029144D37} = {CF7B4BA9-F09D-4277-B22B-978DB5D5B6E8}
		{DE610979-41AB-48CE-AB2E-101892741F07} = {CF7B4BA9-F09D-4277-B22B-978DB5D5B6E8}
		{CE03F236-37EC-44CE-86F2-8531166FB0B7} = {CF7B4BA9-F09D-4277-B22B-978DB5D5B6E8}
		{17FE459A-28FF-4326-8C2F-91D1679F307A} = {CF7B4BA9-F09D-4277-B22B-978DB5D5B6E8}
		{F2DB57EF-637C-4C57-AFBC-5EDED463F9C7} = {CF7B4BA9-F09D-4277-B22B-978DB5D5B6E8}
		{6AFF06CC-152F-474F-A7AC-357B1CE67B30} = {CF7B4BA9-F09D-4277-B22B-978DB5D5B6E8}
		{E226974B-AFC2-49A6-BB18-19C0E26544EA} = {9BBC7323-4DBA-4749-9713-2E217E0B3C56}
		{7EA178BA-493E-4776-B323-8D5F112D361B} = {9BBC7323-4DBA-4749-9713-2E217E0B3C56}
		{2B9DF09D-264C-4D42-82DC-5FDE7EDE1452} = {9BBC7323-4DBA-4749-9713-2E217E0B3C56}
		{64415989-A4B4-43BD-82C4-F161F7B5475E} = {9BBC7323-4DBA-4749-9713-2E217E0B3C56}
		{236A42B7-9745-49FF-B073-75A83F1A76FD} = {9BBC7323-4DBA-4749-9713-2E217E0B3C56}
		{42498D33-0C61-45B0-A47E-4488EA8DBFD6} = {9BBC7323-4DBA-4749-9713-2E217E0B3C56}
		{63E90C17-8780-42C7-80D7-054F66C4F64D} = {9BBC7323-4DBA-4749-9713-2E217E0B3C56}
		{1692D94F-4621-4919-A1D5-2211635BF2C8} = {9BBC7323-4DBA-4749-9713-2E217E0B3C56}
		{39003DD0-979E-4E91-9F0A-CCF4DEEB7D10} = {9BBC7323-4DBA-4749-9713-2E217E0B3C56}
		{0330568D-9148-41FD-8B3D-A73AB485C6E8} = {9BBC7323-4DBA-4749-9713-2E217E0B3C56}
		{74EFEF17-E5B4-4A8E-BC70-DFC986C11F36} = {1BB00661-7F26-4E3A-BF36-332AA7A397F7}
		{82779D91-BA63-4AE3-989C-1F6804A05E6F} = {1BB00661-7F26-4E3A-BF36-332AA7A397F7}
		{2DAEB6D9-BCC8-4738-9A6F-F9E3C3335F32} = {1BB00661-7F26-4E3A-BF36-332AA7A397F7}
		{A0F764A4-90C7-42F3-8600-554CF6E6A6EA} = {1BB00661-7F26-4E3A-BF36-332AA7A397F7}
		{BB596D6B-114C-43C7-AD44-24331FE6AFBF} = {1BB00661-7F26-4E3A-BF36-332AA7A397F7}
		{6CBD7708-AF4D-47AF-8E00-D380CE953850} = {1BB00661-7F26-4E3A-BF36-332AA7A397F7}
	EndGlobalSection
EndGlobal
